
Microsoft Visual Studio Solution File, Format Version 12.00
Project("{FAE04EC0-301F-11D3-BF4B-00C04F79EFBC}") = "TradingTests", "TradingTests\TradingTests.csproj", "{B926F066-896D-4BAB-8864-D8A1DDD864F7}"
EndProject
Project("{FAE04EC0-301F-11D3-BF4B-00C04F79EFBC}") = "TradingSystem", "TradingSystem\TradingSystem.csproj", "{9A8384FD-E2FD-45DE-B5DF-25103BC1236B}"
EndProject
Project("{FAE04EC0-301F-11D3-BF4B-00C04F79EFBC}") = "Benchmark", "Benchmark\Benchmark.csproj", "{5E421799-E701-44FE-8D71-8ED00C9B482E}"
EndProject
Project("{2150E333-8FDC-42A3-9474-1A3956D46DE8}") = "Optiver", "Optiver", "{2B21AC70-09F9-4CF4-A3FB-153B61933333}"
EndProject
Project("{FAE04EC0-301F-11D3-BF4B-00C04F79EFBC}") = "PricingCascadeDepConsole", "PricingCascadeDepConsole\PricingCascadeDepConsole.csproj", "{A8B6AF49-0AA5-4D10-9DAF-DFD3BE039AC5}"
EndProject
Project("{FAE04EC0-301F-11D3-BF4B-00C04F79EFBC}") = "ForexDetectArbitrageOpportunityConsole", "ForexDetectArbitrageOpportunityConsole\ForexDetectArbitrageOpportunityConsole.csproj", "{F9AED867-0BA2-4F67-83E7-6BF51113AAAE}"
EndProject
Project("{FAE04EC0-301F-11D3-BF4B-00C04F79EFBC}") = "Q3_OrderLifeCycle", "Q3_OrderLifeCycle\Q3_OrderLifeCycle.csproj", "{85AD7D9C-ADDC-4D81-91B8-A36C7C96EB38}"
EndProject
Project("{FAE04EC0-301F-11D3-BF4B-00C04F79EFBC}") = "Q5_ExpiringOrderBook", "Q5_ExpiringOrderBook\Q5_ExpiringOrderBook.csproj", "{9EC1AF45-A2C4-43A0-B2CC-892599AA7BB5}"
EndProject
Project("{FAE04EC0-301F-11D3-BF4B-00C04F79EFBC}") = "Blank", "Blank\Blank.csproj", "{9CD2EA97-AD6F-474A-BAEA-F877C50C2CC6}"
EndProject
Project("{FAE04EC0-301F-11D3-BF4B-00C04F79EFBC}") = "StaleQuoteDetector", "StaleQuoteDetector\StaleQuoteDetector.csproj", "{0DD4C888-8474-4149-95ED-C8E46CE11F98}"
EndProject
Project("{FAE04EC0-301F-11D3-BF4B-00C04F79EFBC}") = "Q7_VWAP_Reconstruction_TimeWindow_MinNotional", "Q7_VWAP_Reconstruction_TimeWindow_MinNotional\Q7_VWAP_Reconstruction_TimeWindow_MinNotional.csproj", "{72AA06EE-63E8-45F0-B311-C5BCD34E1627}"
EndProject
Global
	GlobalSection(SolutionConfigurationPlatforms) = preSolution
		Debug|Any CPU = Debug|Any CPU
		Release|Any CPU = Release|Any CPU
	EndGlobalSection
	GlobalSection(ProjectConfigurationPlatforms) = postSolution
		{B926F066-896D-4BAB-8864-D8A1DDD864F7}.Debug|Any CPU.ActiveCfg = Debug|Any CPU
		{B926F066-896D-4BAB-8864-D8A1DDD864F7}.Debug|Any CPU.Build.0 = Debug|Any CPU
		{B926F066-896D-4BAB-8864-D8A1DDD864F7}.Release|Any CPU.ActiveCfg = Release|Any CPU
		{B926F066-896D-4BAB-8864-D8A1DDD864F7}.Release|Any CPU.Build.0 = Release|Any CPU
		{9A8384FD-E2FD-45DE-B5DF-25103BC1236B}.Debug|Any CPU.ActiveCfg = Debug|Any CPU
		{9A8384FD-E2FD-45DE-B5DF-25103BC1236B}.Debug|Any CPU.Build.0 = Debug|Any CPU
		{9A8384FD-E2FD-45DE-B5DF-25103BC1236B}.Release|Any CPU.ActiveCfg = Release|Any CPU
		{9A8384FD-E2FD-45DE-B5DF-25103BC1236B}.Release|Any CPU.Build.0 = Release|Any CPU
		{5E421799-E701-44FE-8D71-8ED00C9B482E}.Debug|Any CPU.ActiveCfg = Debug|Any CPU
		{5E421799-E701-44FE-8D71-8ED00C9B482E}.Debug|Any CPU.Build.0 = Debug|Any CPU
		{5E421799-E701-44FE-8D71-8ED00C9B482E}.Release|Any CPU.ActiveCfg = Release|Any CPU
		{5E421799-E701-44FE-8D71-8ED00C9B482E}.Release|Any CPU.Build.0 = Release|Any CPU
		{A8B6AF49-0AA5-4D10-9DAF-DFD3BE039AC5}.Debug|Any CPU.ActiveCfg = Debug|Any CPU
		{A8B6AF49-0AA5-4D10-9DAF-DFD3BE039AC5}.Debug|Any CPU.Build.0 = Debug|Any CPU
		{A8B6AF49-0AA5-4D10-9DAF-DFD3BE039AC5}.Release|Any CPU.ActiveCfg = Release|Any CPU
		{A8B6AF49-0AA5-4D10-9DAF-DFD3BE039AC5}.Release|Any CPU.Build.0 = Release|Any CPU
		{F9AED867-0BA2-4F67-83E7-6BF51113AAAE}.Debug|Any CPU.ActiveCfg = Debug|Any CPU
		{F9AED867-0BA2-4F67-83E7-6BF51113AAAE}.Debug|Any CPU.Build.0 = Debug|Any CPU
		{F9AED867-0BA2-4F67-83E7-6BF51113AAAE}.Release|Any CPU.ActiveCfg = Release|Any CPU
		{F9AED867-0BA2-4F67-83E7-6BF51113AAAE}.Release|Any CPU.Build.0 = Release|Any CPU
		{85AD7D9C-ADDC-4D81-91B8-A36C7C96EB38}.Debug|Any CPU.ActiveCfg = Debug|Any CPU
		{85AD7D9C-ADDC-4D81-91B8-A36C7C96EB38}.Debug|Any CPU.Build.0 = Debug|Any CPU
		{85AD7D9C-ADDC-4D81-91B8-A36C7C96EB38}.Release|Any CPU.ActiveCfg = Release|Any CPU
		{85AD7D9C-ADDC-4D81-91B8-A36C7C96EB38}.Release|Any CPU.Build.0 = Release|Any CPU
		{9EC1AF45-A2C4-43A0-B2CC-892599AA7BB5}.Debug|Any CPU.ActiveCfg = Debug|Any CPU
		{9EC1AF45-A2C4-43A0-B2CC-892599AA7BB5}.Debug|Any CPU.Build.0 = Debug|Any CPU
		{9EC1AF45-A2C4-43A0-B2CC-892599AA7BB5}.Release|Any CPU.ActiveCfg = Release|Any CPU
		{9EC1AF45-A2C4-43A0-B2CC-892599AA7BB5}.Release|Any CPU.Build.0 = Release|Any CPU
		{9CD2EA97-AD6F-474A-BAEA-F877C50C2CC6}.Debug|Any CPU.ActiveCfg = Debug|Any CPU
		{9CD2EA97-AD6F-474A-BAEA-F877C50C2CC6}.Debug|Any CPU.Build.0 = Debug|Any CPU
		{9CD2EA97-AD6F-474A-BAEA-F877C50C2CC6}.Release|Any CPU.ActiveCfg = Release|Any CPU
		{9CD2EA97-AD6F-474A-BAEA-F877C50C2CC6}.Release|Any CPU.Build.0 = Release|Any CPU
		{0DD4C888-8474-4149-95ED-C8E46CE11F98}.Debug|Any CPU.ActiveCfg = Debug|Any CPU
		{0DD4C888-8474-4149-95ED-C8E46CE11F98}.Debug|Any CPU.Build.0 = Debug|Any CPU
		{0DD4C888-8474-4149-95ED-C8E46CE11F98}.Release|Any CPU.ActiveCfg = Release|Any CPU
		{0DD4C888-8474-4149-95ED-C8E46CE11F98}.Release|Any CPU.Build.0 = Release|Any CPU
		{72AA06EE-63E8-45F0-B311-C5BCD34E1627}.Debug|Any CPU.ActiveCfg = Debug|Any CPU
		{72AA06EE-63E8-45F0-B311-C5BCD34E1627}.Debug|Any CPU.Build.0 = Debug|Any CPU
		{72AA06EE-63E8-45F0-B311-C5BCD34E1627}.Release|Any CPU.ActiveCfg = Release|Any CPU
		{72AA06EE-63E8-45F0-B311-C5BCD34E1627}.Release|Any CPU.Build.0 = Release|Any CPU
	EndGlobalSection
	GlobalSection(NestedProjects) = preSolution
		{A8B6AF49-0AA5-4D10-9DAF-DFD3BE039AC5} = {2B21AC70-09F9-4CF4-A3FB-153B61933333}
		{F9AED867-0BA2-4F67-83E7-6BF51113AAAE} = {2B21AC70-09F9-4CF4-A3FB-153B61933333}
		{85AD7D9C-ADDC-4D81-91B8-A36C7C96EB38} = {2B21AC70-09F9-4CF4-A3FB-153B61933333}
		{9EC1AF45-A2C4-43A0-B2CC-892599AA7BB5} = {2B21AC70-09F9-4CF4-A3FB-153B61933333}
		{9CD2EA97-AD6F-474A-BAEA-F877C50C2CC6} = {2B21AC70-09F9-4CF4-A3FB-153B61933333}
		{0DD4C888-8474-4149-95ED-C8E46CE11F98} = {2B21AC70-09F9-4CF4-A3FB-153B61933333}
		{72AA06EE-63E8-45F0-B311-C5BCD34E1627} = {2B21AC70-09F9-4CF4-A3FB-153B61933333}
	EndGlobalSection
EndGlobal
