
Microsoft Visual Studio Solution File, Format Version 12.00
Project("{FAE04EC0-301F-11D3-BF4B-00C04F79EFBC}") = "TradingTests", "TradingTests\TradingTests.csproj", "{B926F066-896D-4BAB-8864-D8A1DDD864F7}"
EndProject
Project("{FAE04EC0-301F-11D3-BF4B-00C04F79EFBC}") = "TradingSystem", "TradingSystem\TradingSystem.csproj", "{9A8384FD-E2FD-45DE-B5DF-25103BC1236B}"
EndProject
Project("{FAE04EC0-301F-11D3-BF4B-00C04F79EFBC}") = "Benchmark", "Benchmark\Benchmark.csproj", "{5E421799-E701-44FE-8D71-8ED00C9B482E}"
EndProject
Global
	GlobalSection(SolutionConfigurationPlatforms) = preSolution
		Debug|Any CPU = Debug|Any CPU
		Release|Any CPU = Release|Any CPU
	EndGlobalSection
	GlobalSection(ProjectConfigurationPlatforms) = postSolution
		{B926F066-896D-4BAB-8864-D8A1DDD864F7}.Debug|Any CPU.ActiveCfg = Debug|Any CPU
		{B926F066-896D-4BAB-8864-D8A1DDD864F7}.Debug|Any CPU.Build.0 = Debug|Any CPU
		{B926F066-896D-4BAB-8864-D8A1DDD864F7}.Release|Any CPU.ActiveCfg = Release|Any CPU
		{B926F066-896D-4BAB-8864-D8A1DDD864F7}.Release|Any CPU.Build.0 = Release|Any CPU
		{9A8384FD-E2FD-45DE-B5DF-25103BC1236B}.Debug|Any CPU.ActiveCfg = Debug|Any CPU
		{9A8384FD-E2FD-45DE-B5DF-25103BC1236B}.Debug|Any CPU.Build.0 = Debug|Any CPU
		{9A8384FD-E2FD-45DE-B5DF-25103BC1236B}.Release|Any CPU.ActiveCfg = Release|Any CPU
		{9A8384FD-E2FD-45DE-B5DF-25103BC1236B}.Release|Any CPU.Build.0 = Release|Any CPU
		{5E421799-E701-44FE-8D71-8ED00C9B482E}.Debug|Any CPU.ActiveCfg = Debug|Any CPU
		{5E421799-E701-44FE-8D71-8ED00C9B482E}.Debug|Any CPU.Build.0 = Debug|Any CPU
		{5E421799-E701-44FE-8D71-8ED00C9B482E}.Release|Any CPU.ActiveCfg = Release|Any CPU
		{5E421799-E701-44FE-8D71-8ED00C9B482E}.Release|Any CPU.Build.0 = Release|Any CPU
	EndGlobalSection
EndGlobal
